
Microsoft Visual Studio Solution File, Format Version 12.00
# Visual Studio Version 16
VisualStudioVersion = 16.0.31424.327
MinimumVisualStudioVersion = 10.0.40219.1
Project("{FAE04EC0-301F-11D3-BF4B-00C04F79EFBC}") = "SalesApplication.Domain", "SalesApplication.Domain\SalesApplication.Domain.csproj", "{FB79724A-8261-4953-B3CB-CD395A5E7DDF}"
EndProject
Project("{FAE04EC0-301F-11D3-BF4B-00C04F79EFBC}") = "SalesApplication.Data", "SalesApplication.Data\SalesApplication.Data.csproj", "{3A17E0A0-864D-4E41-8551-50C0E6122405}"
EndProject
Global
	GlobalSection(SolutionConfigurationPlatforms) = preSolution
		Debug|Any CPU = Debug|Any CPU
		Release|Any CPU = Release|Any CPU
	EndGlobalSection
	GlobalSection(ProjectConfigurationPlatforms) = postSolution
		{FB79724A-8261-4953-B3CB-CD395A5E7DDF}.Debug|Any CPU.ActiveCfg = Debug|Any CPU
		{FB79724A-8261-4953-B3CB-CD395A5E7DDF}.Debug|Any CPU.Build.0 = Debug|Any CPU
		{FB79724A-8261-4953-B3CB-CD395A5E7DDF}.Release|Any CPU.ActiveCfg = Release|Any CPU
		{FB79724A-8261-4953-B3CB-CD395A5E7DDF}.Release|Any CPU.Build.0 = Release|Any CPU
		{3A17E0A0-864D-4E41-8551-50C0E6122405}.Debug|Any CPU.ActiveCfg = Debug|Any CPU
		{3A17E0A0-864D-4E41-8551-50C0E6122405}.Debug|Any CPU.Build.0 = Debug|Any CPU
		{3A17E0A0-864D-4E41-8551-50C0E6122405}.Release|Any CPU.ActiveCfg = Release|Any CPU
		{3A17E0A0-864D-4E41-8551-50C0E6122405}.Release|Any CPU.Build.0 = Release|Any CPU
	EndGlobalSection
	GlobalSection(SolutionProperties) = preSolution
		HideSolutionNode = FALSE
	EndGlobalSection
	GlobalSection(ExtensibilityGlobals) = postSolution
		SolutionGuid = {35AD4141-1CB6-47DC-BED0-2769DED1DAC0}
	EndGlobalSection
EndGlobal
